<Solution>
  <Folder Name="/src/">
    <Project Path="src/Nexus.AppHost/Nexus.AppHost.csproj" />
    <Project Path="src/Nexus.Contracts/Nexus.Contracts.csproj" />
    <Project Path="src/Nexus.Embeddings/Nexus.Embeddings.csproj" />
    <Project Path="src/Nexus.Mcp.Toolbelt/Nexus.Mcp.Toolbelt.csproj" />
    <Project Path="src/Nexus.OrchestratorApi/Nexus.OrchestratorApi.csproj" />
    <Project Path="src/Nexus.QuerySafety/Nexus.QuerySafety.csproj" />
    <Project Path="src/Nexus.ServiceDefaults/Nexus.ServiceDefaults.csproj" />
  </Folder>
  <Folder Name="/tests/">
    <Project Path="tests/Nexus.Embeddings.Tests/Nexus.Embeddings.Tests.csproj" />
    <Project Path="tests/Nexus.Mcp.Toolbelt.Tests/Nexus.Mcp.Toolbelt.Tests.csproj" />
    <Project Path="tests/Nexus.OrchestratorApi.Tests/Nexus.OrchestratorApi.Tests.csproj" />
  </Folder>
</Solution>
